
Microsoft Visual Studio Solution File, Format Version 12.00
# Visual Studio Version 17
VisualStudioVersion = 17.7.34202.233
MinimumVisualStudioVersion = 10.0.40219.1
Project("{FAE04EC0-301F-11D3-BF4B-00C04F79EFBC}") = "Classes", "Classes\Classes.csproj", "{090737E7-421F-4E2A-AEBF-3E11E7BC1A9D}"
EndProject
Global
	GlobalSection(SolutionConfigurationPlatforms) = preSolution
		Debug|Any CPU = Debug|Any CPU
		Release|Any CPU = Release|Any CPU
	EndGlobalSection
	GlobalSection(ProjectConfigurationPlatforms) = postSolution
		{090737E7-421F-4E2A-AEBF-3E11E7BC1A9D}.Debug|Any CPU.ActiveCfg = Debug|Any CPU
		{090737E7-421F-4E2A-AEBF-3E11E7BC1A9D}.Debug|Any CPU.Build.0 = Debug|Any CPU
		{090737E7-421F-4E2A-AEBF-3E11E7BC1A9D}.Release|Any CPU.ActiveCfg = Release|Any CPU
		{090737E7-421F-4E2A-AEBF-3E11E7BC1A9D}.Release|Any CPU.Build.0 = Release|Any CPU
	EndGlobalSection
	GlobalSection(SolutionProperties) = preSolution
		HideSolutionNode = FALSE
	EndGlobalSection
	GlobalSection(ExtensibilityGlobals) = postSolution
		SolutionGuid = {8295CCD7-0884-4E1B-9453-B23C8FB02049}
	EndGlobalSection
EndGlobal
